
Microsoft Visual Studio Solution File, Format Version 12.00
# Visual Studio Version 17
VisualStudioVersion = 17.12.35728.132
MinimumVisualStudioVersion = 10.0.40219.1
Project("{FAE04EC0-301F-11D3-BF4B-00C04F79EFBC}") = "GalacticDataExchange", "GalacticDataExchange\GalacticDataExchange.csproj", "{938C79D8-E46E-44A3-BFC7-0698A33C1558}"
EndProject
Project("{FAE04EC0-301F-11D3-BF4B-00C04F79EFBC}") = "AlienDataSignalR", "AlienDataSignalR\AlienDataSignalR.csproj", "{07F95881-32FF-410A-A506-A8BAA22A47E4}"
EndProject
Project("{FAE04EC0-301F-11D3-BF4B-00C04F79EFBC}") = "AlienSensorSimulator", "AlienSensorSimulator\AlienSensorSimulator.csproj", "{0CD489FE-581E-436D-960F-EBA2BBDF53D5}"
EndProject
Project("{FAE04EC0-301F-11D3-BF4B-00C04F79EFBC}") = "GalacticDataExchange.Shared", "GalacticDataExchange.Shared\GalacticDataExchange.Shared.csproj", "{DF0080E3-1682-4191-BC30-95D0647516A7}"
EndProject
Project("{2150E333-8FDC-42A3-9474-1A3956D46DE8}") = "Solution Items", "Solution Items", "{E087ADB9-7C0D-4439-BA6E-25AD440C3BA4}"
	ProjectSection(SolutionItems) = preProject
		.gitignore = .gitignore
	EndProjectSection
EndProject
Global
	GlobalSection(SolutionConfigurationPlatforms) = preSolution
		Debug|Any CPU = Debug|Any CPU
		Release|Any CPU = Release|Any CPU
	EndGlobalSection
	GlobalSection(ProjectConfigurationPlatforms) = postSolution
		{938C79D8-E46E-44A3-BFC7-0698A33C1558}.Debug|Any CPU.ActiveCfg = Debug|Any CPU
		{938C79D8-E46E-44A3-BFC7-0698A33C1558}.Debug|Any CPU.Build.0 = Debug|Any CPU
		{938C79D8-E46E-44A3-BFC7-0698A33C1558}.Release|Any CPU.ActiveCfg = Release|Any CPU
		{938C79D8-E46E-44A3-BFC7-0698A33C1558}.Release|Any CPU.Build.0 = Release|Any CPU
		{07F95881-32FF-410A-A506-A8BAA22A47E4}.Debug|Any CPU.ActiveCfg = Debug|Any CPU
		{07F95881-32FF-410A-A506-A8BAA22A47E4}.Debug|Any CPU.Build.0 = Debug|Any CPU
		{07F95881-32FF-410A-A506-A8BAA22A47E4}.Release|Any CPU.ActiveCfg = Release|Any CPU
		{07F95881-32FF-410A-A506-A8BAA22A47E4}.Release|Any CPU.Build.0 = Release|Any CPU
		{0CD489FE-581E-436D-960F-EBA2BBDF53D5}.Debug|Any CPU.ActiveCfg = Debug|Any CPU
		{0CD489FE-581E-436D-960F-EBA2BBDF53D5}.Debug|Any CPU.Build.0 = Debug|Any CPU
		{0CD489FE-581E-436D-960F-EBA2BBDF53D5}.Release|Any CPU.ActiveCfg = Release|Any CPU
		{0CD489FE-581E-436D-960F-EBA2BBDF53D5}.Release|Any CPU.Build.0 = Release|Any CPU
		{DF0080E3-1682-4191-BC30-95D0647516A7}.Debug|Any CPU.ActiveCfg = Debug|Any CPU
		{DF0080E3-1682-4191-BC30-95D0647516A7}.Debug|Any CPU.Build.0 = Debug|Any CPU
		{DF0080E3-1682-4191-BC30-95D0647516A7}.Release|Any CPU.ActiveCfg = Release|Any CPU
		{DF0080E3-1682-4191-BC30-95D0647516A7}.Release|Any CPU.Build.0 = Release|Any CPU
	EndGlobalSection
	GlobalSection(SolutionProperties) = preSolution
		HideSolutionNode = FALSE
	EndGlobalSection
	GlobalSection(ExtensibilityGlobals) = postSolution
		SolutionGuid = {999FD424-3608-4CAE-BFA4-C213B2FC58C3}
	EndGlobalSection
EndGlobal
